
Microsoft Visual Studio Solution File, Format Version 12.00
# Visual Studio Version 16
VisualStudioVersion = 16.0.29920.165
MinimumVisualStudioVersion = 10.0.40219.1
Project("{FAE04EC0-301F-11D3-BF4B-00C04F79EFBC}") = "JiuBa", "JiuBa\JiuBa.csproj", "{06962CC0-CB31-41CD-9C5C-D23DC65C0466}"
EndProject
Global
	GlobalSection(SolutionConfigurationPlatforms) = preSolution
		Debug|Any CPU = Debug|Any CPU
		Release|Any CPU = Release|Any CPU
	EndGlobalSection
	GlobalSection(ProjectConfigurationPlatforms) = postSolution
		{06962CC0-CB31-41CD-9C5C-D23DC65C0466}.Debug|Any CPU.ActiveCfg = Debug|Any CPU
		{06962CC0-CB31-41CD-9C5C-D23DC65C0466}.Debug|Any CPU.Build.0 = Debug|Any CPU
		{06962CC0-CB31-41CD-9C5C-D23DC65C0466}.Release|Any CPU.ActiveCfg = Release|Any CPU
		{06962CC0-CB31-41CD-9C5C-D23DC65C0466}.Release|Any CPU.Build.0 = Release|Any CPU
	EndGlobalSection
	GlobalSection(SolutionProperties) = preSolution
		HideSolutionNode = FALSE
	EndGlobalSection
	GlobalSection(ExtensibilityGlobals) = postSolution
		SolutionGuid = {C86BD366-1545-4950-95A0-992550118910}
	EndGlobalSection
EndGlobal
